Microsoft Visual Studio Solution File, Format Version 12.00
# Visual Studio 2013
VisualStudioVersion = 12.0.31101.0
MinimumVisualStudioVersion = 10.0.40219.1
Project("{F184B08F-C81C-45F6-A57F-5ABD9991F28F}") = "IPBusinessService", "IPBusinessService\IPBusinessService.vbproj", "{73CA732C-2CFB-4A14-B0B9-F43763B1C2F3}"
EndProject
Project("{F184B08F-C81C-45F6-A57F-5ABD9991F28F}") = "IPCommon", "IPCommon\IPCommon.vbproj", "{2A74F1D1-C0EE-41FE-A708-A83B285ACCF2}"
EndProject
Project("{F184B08F-C81C-45F6-A57F-5ABD9991F28F}") = "IPData", "IPData\IPData.vbproj", "{9ACEDD70-FDA2-44D8-A004-3A7EAF86A954}"
EndProject
Project("{F184B08F-C81C-45F6-A57F-5ABD9991F28F}") = "IPException", "IPException\IPException.vbproj", "{B73156C2-7034-4DEA-A308-5E1782FF8DB4}"
EndProject
Project("{F184B08F-C81C-45F6-A57F-5ABD9991F28F}") = "IPSystemAdmin", "IPSystemAdmin\IPSystemAdmin.vbproj", "{455CD3A5-79BA-480A-B9BD-D4A7DDA397A8}"
EndProject
Project("{F184B08F-C81C-45F6-A57F-5ABD9991F28F}") = "IPUserService", "IPUserService\IPUserService.vbproj", "{B490EA92-2990-4CBB-B58B-12901AFCCCB5}"
EndProject
Project("{FAE04EC0-301F-11D3-BF4B-00C04F79EFBC}") = "IPCOREDS", "IPCOREDS\IPCOREDS.csproj", "{39DC1A18-A725-4DF1-93CE-467C130CEEF9}"
EndProject
Project("{FAE04EC0-301F-11D3-BF4B-00C04F79EFBC}") = "IPCOREUS", "IPCOREUS\IPCOREUS.csproj", "{A6E36F4B-6825-44A8-9396-C5BBD8630CB0}"
EndProject
Project("{FAE04EC0-301F-11D3-BF4B-00C04F79EFBC}") = "TOSApp", "TOSApp\TOSApp.csproj", "{AE651919-5790-4B89-BC0E-E5E4ACD637FC}"
EndProject
Project("{FAE04EC0-301F-11D3-BF4B-00C04F79EFBC}") = "WEB_DVMC", "WEB_DVMC\WEB_DVMC.csproj", "{E2E0FE32-54B7-4F07-AD3F-CD46B7103332}"
EndProject
Global
	GlobalSection(SubversionScc) = preSolution
		Svn-Managed = True
		Manager = AnkhSVN - Subversion Support for Visual Studio
	EndGlobalSection
	GlobalSection(SolutionConfigurationPlatforms) = preSolution
		BondDebug|Any CPU = BondDebug|Any CPU
		BondDebug|Mixed Platforms = BondDebug|Mixed Platforms
		BondDebug|x86 = BondDebug|x86
		CD_ROM|Any CPU = CD_ROM|Any CPU
		CD_ROM|Mixed Platforms = CD_ROM|Mixed Platforms
		CD_ROM|x86 = CD_ROM|x86
		Debug|Any CPU = Debug|Any CPU
		Debug|Mixed Platforms = Debug|Mixed Platforms
		Debug|x86 = Debug|x86
		DVD-5|Any CPU = DVD-5|Any CPU
		DVD-5|Mixed Platforms = DVD-5|Mixed Platforms
		DVD-5|x86 = DVD-5|x86
		iFASDebug|Any CPU = iFASDebug|Any CPU
		iFASDebug|Mixed Platforms = iFASDebug|Mixed Platforms
		iFASDebug|x86 = iFASDebug|x86
		PersonalBuild|Any CPU = PersonalBuild|Any CPU
		PersonalBuild|Mixed Platforms = PersonalBuild|Mixed Platforms
		PersonalBuild|x86 = PersonalBuild|x86
		Release|Any CPU = Release|Any CPU
		Release|Mixed Platforms = Release|Mixed Platforms
		Release|x86 = Release|x86
		SingleImage|Any CPU = SingleImage|Any CPU
		SingleImage|Mixed Platforms = SingleImage|Mixed Platforms
		SingleImage|x86 = SingleImage|x86
		SIPDebug|Any CPU = SIPDebug|Any CPU
		SIPDebug|Mixed Platforms = SIPDebug|Mixed Platforms
		SIPDebug|x86 = SIPDebug|x86
	EndGlobalSection
	GlobalSection(ProjectConfigurationPlatforms) = postSolution
		{73CA732C-2CFB-4A14-B0B9-F43763B1C2F3}.BondDebug|Any CPU.ActiveCfg = Debug|Any CPU
		{73CA732C-2CFB-4A14-B0B9-F43763B1C2F3}.BondDebug|Any CPU.Build.0 = Debug|Any CPU
		{73CA732C-2CFB-4A14-B0B9-F43763B1C2F3}.BondDebug|Mixed Platforms.ActiveCfg = Debug|Any CPU
		{73CA732C-2CFB-4A14-B0B9-F43763B1C2F3}.BondDebug|Mixed Platforms.Build.0 = Debug|Any CPU
		{73CA732C-2CFB-4A14-B0B9-F43763B1C2F3}.BondDebug|x86.ActiveCfg = Debug|Any CPU
		{73CA732C-2CFB-4A14-B0B9-F43763B1C2F3}.CD_ROM|Any CPU.ActiveCfg = Release|Any CPU
		{73CA732C-2CFB-4A14-B0B9-F43763B1C2F3}.CD_ROM|Any CPU.Build.0 = Release|Any CPU
		{73CA732C-2CFB-4A14-B0B9-F43763B1C2F3}.CD_ROM|Mixed Platforms.ActiveCfg = Release|Any CPU
		{73CA732C-2CFB-4A14-B0B9-F43763B1C2F3}.CD_ROM|Mixed Platforms.Build.0 = Release|Any CPU
		{73CA732C-2CFB-4A14-B0B9-F43763B1C2F3}.CD_ROM|x86.ActiveCfg = Release|Any CPU
		{73CA732C-2CFB-4A14-B0B9-F43763B1C2F3}.Debug|Any CPU.ActiveCfg = Debug|Any CPU
		{73CA732C-2CFB-4A14-B0B9-F43763B1C2F3}.Debug|Any CPU.Build.0 = Debug|Any CPU
		{73CA732C-2CFB-4A14-B0B9-F43763B1C2F3}.Debug|Mixed Platforms.ActiveCfg = Debug|Any CPU
		{73CA732C-2CFB-4A14-B0B9-F43763B1C2F3}.Debug|Mixed Platforms.Build.0 = Debug|Any CPU
		{73CA732C-2CFB-4A14-B0B9-F43763B1C2F3}.Debug|x86.ActiveCfg = Debug|Any CPU
		{73CA732C-2CFB-4A14-B0B9-F43763B1C2F3}.DVD-5|Any CPU.ActiveCfg = Debug|Any CPU
		{73CA732C-2CFB-4A14-B0B9-F43763B1C2F3}.DVD-5|Any CPU.Build.0 = Debug|Any CPU
		{73CA732C-2CFB-4A14-B0B9-F43763B1C2F3}.DVD-5|Mixed Platforms.ActiveCfg = Debug|Any CPU
		{73CA732C-2CFB-4A14-B0B9-F43763B1C2F3}.DVD-5|Mixed Platforms.Build.0 = Debug|Any CPU
		{73CA732C-2CFB-4A14-B0B9-F43763B1C2F3}.DVD-5|x86.ActiveCfg = Debug|Any CPU
		{73CA732C-2CFB-4A14-B0B9-F43763B1C2F3}.iFASDebug|Any CPU.ActiveCfg = Debug|Any CPU
		{73CA732C-2CFB-4A14-B0B9-F43763B1C2F3}.iFASDebug|Any CPU.Build.0 = Debug|Any CPU
		{73CA732C-2CFB-4A14-B0B9-F43763B1C2F3}.iFASDebug|Mixed Platforms.ActiveCfg = Debug|Any CPU
		{73CA732C-2CFB-4A14-B0B9-F43763B1C2F3}.iFASDebug|Mixed Platforms.Build.0 = Debug|Any CPU
		{73CA732C-2CFB-4A14-B0B9-F43763B1C2F3}.iFASDebug|x86.ActiveCfg = Debug|Any CPU
		{73CA732C-2CFB-4A14-B0B9-F43763B1C2F3}.PersonalBuild|Any CPU.ActiveCfg = PersonalBuild|Any CPU
		{73CA732C-2CFB-4A14-B0B9-F43763B1C2F3}.PersonalBuild|Any CPU.Build.0 = PersonalBuild|Any CPU
		{73CA732C-2CFB-4A14-B0B9-F43763B1C2F3}.PersonalBuild|Mixed Platforms.ActiveCfg = PersonalBuild|Any CPU
		{73CA732C-2CFB-4A14-B0B9-F43763B1C2F3}.PersonalBuild|Mixed Platforms.Build.0 = PersonalBuild|Any CPU
		{73CA732C-2CFB-4A14-B0B9-F43763B1C2F3}.PersonalBuild|x86.ActiveCfg = PersonalBuild|Any CPU
		{73CA732C-2CFB-4A14-B0B9-F43763B1C2F3}.Release|Any CPU.ActiveCfg = Release|Any CPU
		{73CA732C-2CFB-4A14-B0B9-F43763B1C2F3}.Release|Any CPU.Build.0 = Release|Any CPU
		{73CA732C-2CFB-4A14-B0B9-F43763B1C2F3}.Release|Mixed Platforms.ActiveCfg = Release|Any CPU
		{73CA732C-2CFB-4A14-B0B9-F43763B1C2F3}.Release|Mixed Platforms.Build.0 = Release|Any CPU
		{73CA732C-2CFB-4A14-B0B9-F43763B1C2F3}.Release|x86.ActiveCfg = Release|Any CPU
		{73CA732C-2CFB-4A14-B0B9-F43763B1C2F3}.SingleImage|Any CPU.ActiveCfg = Release|Any CPU
		{73CA732C-2CFB-4A14-B0B9-F43763B1C2F3}.SingleImage|Any CPU.Build.0 = Release|Any CPU
		{73CA732C-2CFB-4A14-B0B9-F43763B1C2F3}.SingleImage|Mixed Platforms.ActiveCfg = Release|Any CPU
		{73CA732C-2CFB-4A14-B0B9-F43763B1C2F3}.SingleImage|Mixed Platforms.Build.0 = Release|Any CPU
		{73CA732C-2CFB-4A14-B0B9-F43763B1C2F3}.SingleImage|x86.ActiveCfg = Release|Any CPU
		{73CA732C-2CFB-4A14-B0B9-F43763B1C2F3}.SIPDebug|Any CPU.ActiveCfg = Debug|Any CPU
		{73CA732C-2CFB-4A14-B0B9-F43763B1C2F3}.SIPDebug|Any CPU.Build.0 = Debug|Any CPU
		{73CA732C-2CFB-4A14-B0B9-F43763B1C2F3}.SIPDebug|Mixed Platforms.ActiveCfg = Debug|Any CPU
		{73CA732C-2CFB-4A14-B0B9-F43763B1C2F3}.SIPDebug|Mixed Platforms.Build.0 = Debug|Any CPU
		{73CA732C-2CFB-4A14-B0B9-F43763B1C2F3}.SIPDebug|x86.ActiveCfg = Debug|Any CPU
		{2A74F1D1-C0EE-41FE-A708-A83B285ACCF2}.BondDebug|Any CPU.ActiveCfg = Debug|Any CPU
		{2A74F1D1-C0EE-41FE-A708-A83B285ACCF2}.BondDebug|Any CPU.Build.0 = Debug|Any CPU
		{2A74F1D1-C0EE-41FE-A708-A83B285ACCF2}.BondDebug|Mixed Platforms.ActiveCfg = Debug|Any CPU
		{2A74F1D1-C0EE-41FE-A708-A83B285ACCF2}.BondDebug|Mixed Platforms.Build.0 = Debug|Any CPU
		{2A74F1D1-C0EE-41FE-A708-A83B285ACCF2}.BondDebug|x86.ActiveCfg = Debug|Any CPU
		{2A74F1D1-C0EE-41FE-A708-A83B285ACCF2}.CD_ROM|Any CPU.ActiveCfg = Release|Any CPU
		{2A74F1D1-C0EE-41FE-A708-A83B285ACCF2}.CD_ROM|Any CPU.Build.0 = Release|Any CPU
		{2A74F1D1-C0EE-41FE-A708-A83B285ACCF2}.CD_ROM|Mixed Platforms.ActiveCfg = Release|Any CPU
		{2A74F1D1-C0EE-41FE-A708-A83B285ACCF2}.CD_ROM|Mixed Platforms.Build.0 = Release|Any CPU
		{2A74F1D1-C0EE-41FE-A708-A83B285ACCF2}.CD_ROM|x86.ActiveCfg = Release|Any CPU
		{2A74F1D1-C0EE-41FE-A708-A83B285ACCF2}.Debug|Any CPU.ActiveCfg = Debug|Any CPU
		{2A74F1D1-C0EE-41FE-A708-A83B285ACCF2}.Debug|Any CPU.Build.0 = Debug|Any CPU
		{2A74F1D1-C0EE-41FE-A708-A83B285ACCF2}.Debug|Mixed Platforms.ActiveCfg = Debug|Any CPU
		{2A74F1D1-C0EE-41FE-A708-A83B285ACCF2}.Debug|Mixed Platforms.Build.0 = Debug|Any CPU
		{2A74F1D1-C0EE-41FE-A708-A83B285ACCF2}.Debug|x86.ActiveCfg = Debug|Any CPU
		{2A74F1D1-C0EE-41FE-A708-A83B285ACCF2}.DVD-5|Any CPU.ActiveCfg = Debug|Any CPU
		{2A74F1D1-C0EE-41FE-A708-A83B285ACCF2}.DVD-5|Any CPU.Build.0 = Debug|Any CPU
		{2A74F1D1-C0EE-41FE-A708-A83B285ACCF2}.DVD-5|Mixed Platforms.ActiveCfg = Debug|Any CPU
		{2A74F1D1-C0EE-41FE-A708-A83B285ACCF2}.DVD-5|Mixed Platforms.Build.0 = Debug|Any CPU
		{2A74F1D1-C0EE-41FE-A708-A83B285ACCF2}.DVD-5|x86.ActiveCfg = Debug|Any CPU
		{2A74F1D1-C0EE-41FE-A708-A83B285ACCF2}.iFASDebug|Any CPU.ActiveCfg = Debug|Any CPU
		{2A74F1D1-C0EE-41FE-A708-A83B285ACCF2}.iFASDebug|Any CPU.Build.0 = Debug|Any CPU
		{2A74F1D1-C0EE-41FE-A708-A83B285ACCF2}.iFASDebug|Mixed Platforms.ActiveCfg = Debug|Any CPU
		{2A74F1D1-C0EE-41FE-A708-A83B285ACCF2}.iFASDebug|Mixed Platforms.Build.0 = Debug|Any CPU
		{2A74F1D1-C0EE-41FE-A708-A83B285ACCF2}.iFASDebug|x86.ActiveCfg = Debug|Any CPU
		{2A74F1D1-C0EE-41FE-A708-A83B285ACCF2}.PersonalBuild|Any CPU.ActiveCfg = PersonalBuild|Any CPU
		{2A74F1D1-C0EE-41FE-A708-A83B285ACCF2}.PersonalBuild|Any CPU.Build.0 = PersonalBuild|Any CPU
		{2A74F1D1-C0EE-41FE-A708-A83B285ACCF2}.PersonalBuild|Mixed Platforms.ActiveCfg = PersonalBuild|Any CPU
		{2A74F1D1-C0EE-41FE-A708-A83B285ACCF2}.PersonalBuild|Mixed Platforms.Build.0 = PersonalBuild|Any CPU
		{2A74F1D1-C0EE-41FE-A708-A83B285ACCF2}.PersonalBuild|x86.ActiveCfg = PersonalBuild|Any CPU
		{2A74F1D1-C0EE-41FE-A708-A83B285ACCF2}.Release|Any CPU.ActiveCfg = Release|Any CPU
		{2A74F1D1-C0EE-41FE-A708-A83B285ACCF2}.Release|Any CPU.Build.0 = Release|Any CPU
		{2A74F1D1-C0EE-41FE-A708-A83B285ACCF2}.Release|Mixed Platforms.ActiveCfg = Release|Any CPU
		{2A74F1D1-C0EE-41FE-A708-A83B285ACCF2}.Release|Mixed Platforms.Build.0 = Release|Any CPU
		{2A74F1D1-C0EE-41FE-A708-A83B285ACCF2}.Release|x86.ActiveCfg = Release|Any CPU
		{2A74F1D1-C0EE-41FE-A708-A83B285ACCF2}.SingleImage|Any CPU.ActiveCfg = Release|Any CPU
		{2A74F1D1-C0EE-41FE-A708-A83B285ACCF2}.SingleImage|Any CPU.Build.0 = Release|Any CPU
		{2A74F1D1-C0EE-41FE-A708-A83B285ACCF2}.SingleImage|Mixed Platforms.ActiveCfg = Release|Any CPU
		{2A74F1D1-C0EE-41FE-A708-A83B285ACCF2}.SingleImage|Mixed Platforms.Build.0 = Release|Any CPU
		{2A74F1D1-C0EE-41FE-A708-A83B285ACCF2}.SingleImage|x86.ActiveCfg = Release|Any CPU
		{2A74F1D1-C0EE-41FE-A708-A83B285ACCF2}.SIPDebug|Any CPU.ActiveCfg = Debug|Any CPU
		{2A74F1D1-C0EE-41FE-A708-A83B285ACCF2}.SIPDebug|Any CPU.Build.0 = Debug|Any CPU
		{2A74F1D1-C0EE-41FE-A708-A83B285ACCF2}.SIPDebug|Mixed Platforms.ActiveCfg = Debug|Any CPU
		{2A74F1D1-C0EE-41FE-A708-A83B285ACCF2}.SIPDebug|Mixed Platforms.Build.0 = Debug|Any CPU
		{2A74F1D1-C0EE-41FE-A708-A83B285ACCF2}.SIPDebug|x86.ActiveCfg = Debug|Any CPU
		{9ACEDD70-FDA2-44D8-A004-3A7EAF86A954}.BondDebug|Any CPU.ActiveCfg = Debug|Any CPU
		{9ACEDD70-FDA2-44D8-A004-3A7EAF86A954}.BondDebug|Any CPU.Build.0 = Debug|Any CPU
		{9ACEDD70-FDA2-44D8-A004-3A7EAF86A954}.BondDebug|Mixed Platforms.ActiveCfg = Debug|Any CPU
		{9ACEDD70-FDA2-44D8-A004-3A7EAF86A954}.BondDebug|Mixed Platforms.Build.0 = Debug|Any CPU
		{9ACEDD70-FDA2-44D8-A004-3A7EAF86A954}.BondDebug|x86.ActiveCfg = Debug|Any CPU
		{9ACEDD70-FDA2-44D8-A004-3A7EAF86A954}.CD_ROM|Any CPU.ActiveCfg = Release|Any CPU
		{9ACEDD70-FDA2-44D8-A004-3A7EAF86A954}.CD_ROM|Any CPU.Build.0 = Release|Any CPU
		{9ACEDD70-FDA2-44D8-A004-3A7EAF86A954}.CD_ROM|Mixed Platforms.ActiveCfg = Release|Any CPU
		{9ACEDD70-FDA2-44D8-A004-3A7EAF86A954}.CD_ROM|Mixed Platforms.Build.0 = Release|Any CPU
		{9ACEDD70-FDA2-44D8-A004-3A7EAF86A954}.CD_ROM|x86.ActiveCfg = Release|Any CPU
		{9ACEDD70-FDA2-44D8-A004-3A7EAF86A954}.Debug|Any CPU.ActiveCfg = Debug|Any CPU
		{9ACEDD70-FDA2-44D8-A004-3A7EAF86A954}.Debug|Any CPU.Build.0 = Debug|Any CPU
		{9ACEDD70-FDA2-44D8-A004-3A7EAF86A954}.Debug|Mixed Platforms.ActiveCfg = Debug|Any CPU
		{9ACEDD70-FDA2-44D8-A004-3A7EAF86A954}.Debug|Mixed Platforms.Build.0 = Debug|Any CPU
		{9ACEDD70-FDA2-44D8-A004-3A7EAF86A954}.Debug|x86.ActiveCfg = Debug|Any CPU
		{9ACEDD70-FDA2-44D8-A004-3A7EAF86A954}.DVD-5|Any CPU.ActiveCfg = Debug|Any CPU
		{9ACEDD70-FDA2-44D8-A004-3A7EAF86A954}.DVD-5|Any CPU.Build.0 = Debug|Any CPU
		{9ACEDD70-FDA2-44D8-A004-3A7EAF86A954}.DVD-5|Mixed Platforms.ActiveCfg = Debug|Any CPU
		{9ACEDD70-FDA2-44D8-A004-3A7EAF86A954}.DVD-5|Mixed Platforms.Build.0 = Debug|Any CPU
		{9ACEDD70-FDA2-44D8-A004-3A7EAF86A954}.DVD-5|x86.ActiveCfg = Debug|Any CPU
		{9ACEDD70-FDA2-44D8-A004-3A7EAF86A954}.iFASDebug|Any CPU.ActiveCfg = Debug|Any CPU
		{9ACEDD70-FDA2-44D8-A004-3A7EAF86A954}.iFASDebug|Any CPU.Build.0 = Debug|Any CPU
		{9ACEDD70-FDA2-44D8-A004-3A7EAF86A954}.iFASDebug|Mixed Platforms.ActiveCfg = Debug|Any CPU
		{9ACEDD70-FDA2-44D8-A004-3A7EAF86A954}.iFASDebug|Mixed Platforms.Build.0 = Debug|Any CPU
		{9ACEDD70-FDA2-44D8-A004-3A7EAF86A954}.iFASDebug|x86.ActiveCfg = Debug|Any CPU
		{9ACEDD70-FDA2-44D8-A004-3A7EAF86A954}.PersonalBuild|Any CPU.ActiveCfg = PersonalBuild|Any CPU
		{9ACEDD70-FDA2-44D8-A004-3A7EAF86A954}.PersonalBuild|Any CPU.Build.0 = PersonalBuild|Any CPU
		{9ACEDD70-FDA2-44D8-A004-3A7EAF86A954}.PersonalBuild|Mixed Platforms.ActiveCfg = PersonalBuild|Any CPU
		{9ACEDD70-FDA2-44D8-A004-3A7EAF86A954}.PersonalBuild|Mixed Platforms.Build.0 = PersonalBuild|Any CPU
		{9ACEDD70-FDA2-44D8-A004-3A7EAF86A954}.PersonalBuild|x86.ActiveCfg = PersonalBuild|Any CPU
		{9ACEDD70-FDA2-44D8-A004-3A7EAF86A954}.Release|Any CPU.ActiveCfg = Release|Any CPU
		{9ACEDD70-FDA2-44D8-A004-3A7EAF86A954}.Release|Any CPU.Build.0 = Release|Any CPU
		{9ACEDD70-FDA2-44D8-A004-3A7EAF86A954}.Release|Mixed Platforms.ActiveCfg = Release|Any CPU
		{9ACEDD70-FDA2-44D8-A004-3A7EAF86A954}.Release|Mixed Platforms.Build.0 = Release|Any CPU
		{9ACEDD70-FDA2-44D8-A004-3A7EAF86A954}.Release|x86.ActiveCfg = Release|Any CPU
		{9ACEDD70-FDA2-44D8-A004-3A7EAF86A954}.SingleImage|Any CPU.ActiveCfg = Release|Any CPU
		{9ACEDD70-FDA2-44D8-A004-3A7EAF86A954}.SingleImage|Any CPU.Build.0 = Release|Any CPU
		{9ACEDD70-FDA2-44D8-A004-3A7EAF86A954}.SingleImage|Mixed Platforms.ActiveCfg = Release|Any CPU
		{9ACEDD70-FDA2-44D8-A004-3A7EAF86A954}.SingleImage|Mixed Platforms.Build.0 = Release|Any CPU
		{9ACEDD70-FDA2-44D8-A004-3A7EAF86A954}.SingleImage|x86.ActiveCfg = Release|Any CPU
		{9ACEDD70-FDA2-44D8-A004-3A7EAF86A954}.SIPDebug|Any CPU.ActiveCfg = Debug|Any CPU
		{9ACEDD70-FDA2-44D8-A004-3A7EAF86A954}.SIPDebug|Any CPU.Build.0 = Debug|Any CPU
		{9ACEDD70-FDA2-44D8-A004-3A7EAF86A954}.SIPDebug|Mixed Platforms.ActiveCfg = Debug|Any CPU
		{9ACEDD70-FDA2-44D8-A004-3A7EAF86A954}.SIPDebug|Mixed Platforms.Build.0 = Debug|Any CPU
		{9ACEDD70-FDA2-44D8-A004-3A7EAF86A954}.SIPDebug|x86.ActiveCfg = Debug|Any CPU
		{B73156C2-7034-4DEA-A308-5E1782FF8DB4}.BondDebug|Any CPU.ActiveCfg = Debug|Any CPU
		{B73156C2-7034-4DEA-A308-5E1782FF8DB4}.BondDebug|Any CPU.Build.0 = Debug|Any CPU
		{B73156C2-7034-4DEA-A308-5E1782FF8DB4}.BondDebug|Mixed Platforms.ActiveCfg = Debug|Any CPU
		{B73156C2-7034-4DEA-A308-5E1782FF8DB4}.BondDebug|Mixed Platforms.Build.0 = Debug|Any CPU
		{B73156C2-7034-4DEA-A308-5E1782FF8DB4}.BondDebug|x86.ActiveCfg = Debug|Any CPU
		{B73156C2-7034-4DEA-A308-5E1782FF8DB4}.CD_ROM|Any CPU.ActiveCfg = Release|Any CPU
		{B73156C2-7034-4DEA-A308-5E1782FF8DB4}.CD_ROM|Any CPU.Build.0 = Release|Any CPU
		{B73156C2-7034-4DEA-A308-5E1782FF8DB4}.CD_ROM|Mixed Platforms.ActiveCfg = Release|Any CPU
		{B73156C2-7034-4DEA-A308-5E1782FF8DB4}.CD_ROM|Mixed Platforms.Build.0 = Release|Any CPU
		{B73156C2-7034-4DEA-A308-5E1782FF8DB4}.CD_ROM|x86.ActiveCfg = Release|Any CPU
		{B73156C2-7034-4DEA-A308-5E1782FF8DB4}.Debug|Any CPU.ActiveCfg = Debug|Any CPU
		{B73156C2-7034-4DEA-A308-5E1782FF8DB4}.Debug|Any CPU.Build.0 = Debug|Any CPU
		{B73156C2-7034-4DEA-A308-5E1782FF8DB4}.Debug|Mixed Platforms.ActiveCfg = Debug|Any CPU
		{B73156C2-7034-4DEA-A308-5E1782FF8DB4}.Debug|Mixed Platforms.Build.0 = Debug|Any CPU
		{B73156C2-7034-4DEA-A308-5E1782FF8DB4}.Debug|x86.ActiveCfg = Debug|Any CPU
		{B73156C2-7034-4DEA-A308-5E1782FF8DB4}.DVD-5|Any CPU.ActiveCfg = Debug|Any CPU
		{B73156C2-7034-4DEA-A308-5E1782FF8DB4}.DVD-5|Any CPU.Build.0 = Debug|Any CPU
		{B73156C2-7034-4DEA-A308-5E1782FF8DB4}.DVD-5|Mixed Platforms.ActiveCfg = Debug|Any CPU
		{B73156C2-7034-4DEA-A308-5E1782FF8DB4}.DVD-5|Mixed Platforms.Build.0 = Debug|Any CPU
		{B73156C2-7034-4DEA-A308-5E1782FF8DB4}.DVD-5|x86.ActiveCfg = Debug|Any CPU
		{B73156C2-7034-4DEA-A308-5E1782FF8DB4}.iFASDebug|Any CPU.ActiveCfg = Debug|Any CPU
		{B73156C2-7034-4DEA-A308-5E1782FF8DB4}.iFASDebug|Any CPU.Build.0 = Debug|Any CPU
		{B73156C2-7034-4DEA-A308-5E1782FF8DB4}.iFASDebug|Mixed Platforms.ActiveCfg = Debug|Any CPU
		{B73156C2-7034-4DEA-A308-5E1782FF8DB4}.iFASDebug|Mixed Platforms.Build.0 = Debug|Any CPU
		{B73156C2-7034-4DEA-A308-5E1782FF8DB4}.iFASDebug|x86.ActiveCfg = Debug|Any CPU
		{B73156C2-7034-4DEA-A308-5E1782FF8DB4}.PersonalBuild|Any CPU.ActiveCfg = PersonalBuild|Any CPU
		{B73156C2-7034-4DEA-A308-5E1782FF8DB4}.PersonalBuild|Any CPU.Build.0 = PersonalBuild|Any CPU
		{B73156C2-7034-4DEA-A308-5E1782FF8DB4}.PersonalBuild|Mixed Platforms.ActiveCfg = PersonalBuild|Any CPU
		{B73156C2-7034-4DEA-A308-5E1782FF8DB4}.PersonalBuild|Mixed Platforms.Build.0 = PersonalBuild|Any CPU
		{B73156C2-7034-4DEA-A308-5E1782FF8DB4}.PersonalBuild|x86.ActiveCfg = PersonalBuild|Any CPU
		{B73156C2-7034-4DEA-A308-5E1782FF8DB4}.Release|Any CPU.ActiveCfg = Release|Any CPU
		{B73156C2-7034-4DEA-A308-5E1782FF8DB4}.Release|Any CPU.Build.0 = Release|Any CPU
		{B73156C2-7034-4DEA-A308-5E1782FF8DB4}.Release|Mixed Platforms.ActiveCfg = Release|Any CPU
		{B73156C2-7034-4DEA-A308-5E1782FF8DB4}.Release|Mixed Platforms.Build.0 = Release|Any CPU
		{B73156C2-7034-4DEA-A308-5E1782FF8DB4}.Release|x86.ActiveCfg = Release|Any CPU
		{B73156C2-7034-4DEA-A308-5E1782FF8DB4}.SingleImage|Any CPU.ActiveCfg = Release|Any CPU
		{B73156C2-7034-4DEA-A308-5E1782FF8DB4}.SingleImage|Any CPU.Build.0 = Release|Any CPU
		{B73156C2-7034-4DEA-A308-5E1782FF8DB4}.SingleImage|Mixed Platforms.ActiveCfg = Release|Any CPU
		{B73156C2-7034-4DEA-A308-5E1782FF8DB4}.SingleImage|Mixed Platforms.Build.0 = Release|Any CPU
		{B73156C2-7034-4DEA-A308-5E1782FF8DB4}.SingleImage|x86.ActiveCfg = Release|Any CPU
		{B73156C2-7034-4DEA-A308-5E1782FF8DB4}.SIPDebug|Any CPU.ActiveCfg = Debug|Any CPU
		{B73156C2-7034-4DEA-A308-5E1782FF8DB4}.SIPDebug|Any CPU.Build.0 = Debug|Any CPU
		{B73156C2-7034-4DEA-A308-5E1782FF8DB4}.SIPDebug|Mixed Platforms.ActiveCfg = Debug|Any CPU
		{B73156C2-7034-4DEA-A308-5E1782FF8DB4}.SIPDebug|Mixed Platforms.Build.0 = Debug|Any CPU
		{B73156C2-7034-4DEA-A308-5E1782FF8DB4}.SIPDebug|x86.ActiveCfg = Debug|Any CPU
		{455CD3A5-79BA-480A-B9BD-D4A7DDA397A8}.BondDebug|Any CPU.ActiveCfg = Debug|Any CPU
		{455CD3A5-79BA-480A-B9BD-D4A7DDA397A8}.BondDebug|Any CPU.Build.0 = Debug|Any CPU
		{455CD3A5-79BA-480A-B9BD-D4A7DDA397A8}.BondDebug|Mixed Platforms.ActiveCfg = Debug|Any CPU
		{455CD3A5-79BA-480A-B9BD-D4A7DDA397A8}.BondDebug|Mixed Platforms.Build.0 = Debug|Any CPU
		{455CD3A5-79BA-480A-B9BD-D4A7DDA397A8}.BondDebug|x86.ActiveCfg = Debug|Any CPU
		{455CD3A5-79BA-480A-B9BD-D4A7DDA397A8}.CD_ROM|Any CPU.ActiveCfg = Release|Any CPU
		{455CD3A5-79BA-480A-B9BD-D4A7DDA397A8}.CD_ROM|Any CPU.Build.0 = Release|Any CPU
		{455CD3A5-79BA-480A-B9BD-D4A7DDA397A8}.CD_ROM|Mixed Platforms.ActiveCfg = Release|Any CPU
		{455CD3A5-79BA-480A-B9BD-D4A7DDA397A8}.CD_ROM|Mixed Platforms.Build.0 = Release|Any CPU
		{455CD3A5-79BA-480A-B9BD-D4A7DDA397A8}.CD_ROM|x86.ActiveCfg = Release|Any CPU
		{455CD3A5-79BA-480A-B9BD-D4A7DDA397A8}.Debug|Any CPU.ActiveCfg = Debug|Any CPU
		{455CD3A5-79BA-480A-B9BD-D4A7DDA397A8}.Debug|Any CPU.Build.0 = Debug|Any CPU
		{455CD3A5-79BA-480A-B9BD-D4A7DDA397A8}.Debug|Mixed Platforms.ActiveCfg = Debug|Any CPU
		{455CD3A5-79BA-480A-B9BD-D4A7DDA397A8}.Debug|Mixed Platforms.Build.0 = Debug|Any CPU
		{455CD3A5-79BA-480A-B9BD-D4A7DDA397A8}.Debug|x86.ActiveCfg = Debug|Any CPU
		{455CD3A5-79BA-480A-B9BD-D4A7DDA397A8}.DVD-5|Any CPU.ActiveCfg = Debug|Any CPU
		{455CD3A5-79BA-480A-B9BD-D4A7DDA397A8}.DVD-5|Any CPU.Build.0 = Debug|Any CPU
		{455CD3A5-79BA-480A-B9BD-D4A7DDA397A8}.DVD-5|Mixed Platforms.ActiveCfg = Debug|Any CPU
		{455CD3A5-79BA-480A-B9BD-D4A7DDA397A8}.DVD-5|Mixed Platforms.Build.0 = Debug|Any CPU
		{455CD3A5-79BA-480A-B9BD-D4A7DDA397A8}.DVD-5|x86.ActiveCfg = Debug|Any CPU
		{455CD3A5-79BA-480A-B9BD-D4A7DDA397A8}.iFASDebug|Any CPU.ActiveCfg = Debug|Any CPU
		{455CD3A5-79BA-480A-B9BD-D4A7DDA397A8}.iFASDebug|Any CPU.Build.0 = Debug|Any CPU
		{455CD3A5-79BA-480A-B9BD-D4A7DDA397A8}.iFASDebug|Mixed Platforms.ActiveCfg = Debug|Any CPU
		{455CD3A5-79BA-480A-B9BD-D4A7DDA397A8}.iFASDebug|Mixed Platforms.Build.0 = Debug|Any CPU
		{455CD3A5-79BA-480A-B9BD-D4A7DDA397A8}.iFASDebug|x86.ActiveCfg = Debug|Any CPU
		{455CD3A5-79BA-480A-B9BD-D4A7DDA397A8}.PersonalBuild|Any CPU.ActiveCfg = PersonalBuild|Any CPU
		{455CD3A5-79BA-480A-B9BD-D4A7DDA397A8}.PersonalBuild|Any CPU.Build.0 = PersonalBuild|Any CPU
		{455CD3A5-79BA-480A-B9BD-D4A7DDA397A8}.PersonalBuild|Mixed Platforms.ActiveCfg = PersonalBuild|Any CPU
		{455CD3A5-79BA-480A-B9BD-D4A7DDA397A8}.PersonalBuild|Mixed Platforms.Build.0 = PersonalBuild|Any CPU
		{455CD3A5-79BA-480A-B9BD-D4A7DDA397A8}.PersonalBuild|x86.ActiveCfg = PersonalBuild|Any CPU
		{455CD3A5-79BA-480A-B9BD-D4A7DDA397A8}.Release|Any CPU.ActiveCfg = Release|Any CPU
		{455CD3A5-79BA-480A-B9BD-D4A7DDA397A8}.Release|Any CPU.Build.0 = Release|Any CPU
		{455CD3A5-79BA-480A-B9BD-D4A7DDA397A8}.Release|Mixed Platforms.ActiveCfg = Release|Any CPU
		{455CD3A5-79BA-480A-B9BD-D4A7DDA397A8}.Release|Mixed Platforms.Build.0 = Release|Any CPU
		{455CD3A5-79BA-480A-B9BD-D4A7DDA397A8}.Release|x86.ActiveCfg = Release|Any CPU
		{455CD3A5-79BA-480A-B9BD-D4A7DDA397A8}.SingleImage|Any CPU.ActiveCfg = Release|Any CPU
		{455CD3A5-79BA-480A-B9BD-D4A7DDA397A8}.SingleImage|Any CPU.Build.0 = Release|Any CPU
		{455CD3A5-79BA-480A-B9BD-D4A7DDA397A8}.SingleImage|Mixed Platforms.ActiveCfg = Release|Any CPU
		{455CD3A5-79BA-480A-B9BD-D4A7DDA397A8}.SingleImage|Mixed Platforms.Build.0 = Release|Any CPU
		{455CD3A5-79BA-480A-B9BD-D4A7DDA397A8}.SingleImage|x86.ActiveCfg = Release|Any CPU
		{455CD3A5-79BA-480A-B9BD-D4A7DDA397A8}.SIPDebug|Any CPU.ActiveCfg = Debug|Any CPU
		{455CD3A5-79BA-480A-B9BD-D4A7DDA397A8}.SIPDebug|Any CPU.Build.0 = Debug|Any CPU
		{455CD3A5-79BA-480A-B9BD-D4A7DDA397A8}.SIPDebug|Mixed Platforms.ActiveCfg = Debug|Any CPU
		{455CD3A5-79BA-480A-B9BD-D4A7DDA397A8}.SIPDebug|Mixed Platforms.Build.0 = Debug|Any CPU
		{455CD3A5-79BA-480A-B9BD-D4A7DDA397A8}.SIPDebug|x86.ActiveCfg = Debug|Any CPU
		{B490EA92-2990-4CBB-B58B-12901AFCCCB5}.BondDebug|Any CPU.ActiveCfg = Debug|Any CPU
		{B490EA92-2990-4CBB-B58B-12901AFCCCB5}.BondDebug|Any CPU.Build.0 = Debug|Any CPU
		{B490EA92-2990-4CBB-B58B-12901AFCCCB5}.BondDebug|Mixed Platforms.ActiveCfg = Debug|Any CPU
		{B490EA92-2990-4CBB-B58B-12901AFCCCB5}.BondDebug|Mixed Platforms.Build.0 = Debug|Any CPU
		{B490EA92-2990-4CBB-B58B-12901AFCCCB5}.BondDebug|x86.ActiveCfg = Debug|Any CPU
		{B490EA92-2990-4CBB-B58B-12901AFCCCB5}.CD_ROM|Any CPU.ActiveCfg = Release|Any CPU
		{B490EA92-2990-4CBB-B58B-12901AFCCCB5}.CD_ROM|Any CPU.Build.0 = Release|Any CPU
		{B490EA92-2990-4CBB-B58B-12901AFCCCB5}.CD_ROM|Mixed Platforms.ActiveCfg = Release|Any CPU
		{B490EA92-2990-4CBB-B58B-12901AFCCCB5}.CD_ROM|Mixed Platforms.Build.0 = Release|Any CPU
		{B490EA92-2990-4CBB-B58B-12901AFCCCB5}.CD_ROM|x86.ActiveCfg = Release|Any CPU
		{B490EA92-2990-4CBB-B58B-12901AFCCCB5}.Debug|Any CPU.ActiveCfg = Debug|Any CPU
		{B490EA92-2990-4CBB-B58B-12901AFCCCB5}.Debug|Any CPU.Build.0 = Debug|Any CPU
		{B490EA92-2990-4CBB-B58B-12901AFCCCB5}.Debug|Mixed Platforms.ActiveCfg = Debug|Any CPU
		{B490EA92-2990-4CBB-B58B-12901AFCCCB5}.Debug|Mixed Platforms.Build.0 = Debug|Any CPU
		{B490EA92-2990-4CBB-B58B-12901AFCCCB5}.Debug|x86.ActiveCfg = Debug|Any CPU
		{B490EA92-2990-4CBB-B58B-12901AFCCCB5}.DVD-5|Any CPU.ActiveCfg = Debug|Any CPU
		{B490EA92-2990-4CBB-B58B-12901AFCCCB5}.DVD-5|Any CPU.Build.0 = Debug|Any CPU
		{B490EA92-2990-4CBB-B58B-12901AFCCCB5}.DVD-5|Mixed Platforms.ActiveCfg = Debug|Any CPU
		{B490EA92-2990-4CBB-B58B-12901AFCCCB5}.DVD-5|Mixed Platforms.Build.0 = Debug|Any CPU
		{B490EA92-2990-4CBB-B58B-12901AFCCCB5}.DVD-5|x86.ActiveCfg = Debug|Any CPU
		{B490EA92-2990-4CBB-B58B-12901AFCCCB5}.iFASDebug|Any CPU.ActiveCfg = Debug|Any CPU
		{B490EA92-2990-4CBB-B58B-12901AFCCCB5}.iFASDebug|Any CPU.Build.0 = Debug|Any CPU
		{B490EA92-2990-4CBB-B58B-12901AFCCCB5}.iFASDebug|Mixed Platforms.ActiveCfg = Debug|Any CPU
		{B490EA92-2990-4CBB-B58B-12901AFCCCB5}.iFASDebug|Mixed Platforms.Build.0 = Debug|Any CPU
		{B490EA92-2990-4CBB-B58B-12901AFCCCB5}.iFASDebug|x86.ActiveCfg = Debug|Any CPU
		{B490EA92-2990-4CBB-B58B-12901AFCCCB5}.PersonalBuild|Any CPU.ActiveCfg = PersonalBuild|Any CPU
		{B490EA92-2990-4CBB-B58B-12901AFCCCB5}.PersonalBuild|Any CPU.Build.0 = PersonalBuild|Any CPU
		{B490EA92-2990-4CBB-B58B-12901AFCCCB5}.PersonalBuild|Mixed Platforms.ActiveCfg = PersonalBuild|Any CPU
		{B490EA92-2990-4CBB-B58B-12901AFCCCB5}.PersonalBuild|Mixed Platforms.Build.0 = PersonalBuild|Any CPU
		{B490EA92-2990-4CBB-B58B-12901AFCCCB5}.PersonalBuild|x86.ActiveCfg = PersonalBuild|Any CPU
		{B490EA92-2990-4CBB-B58B-12901AFCCCB5}.Release|Any CPU.ActiveCfg = Release|Any CPU
		{B490EA92-2990-4CBB-B58B-12901AFCCCB5}.Release|Any CPU.Build.0 = Release|Any CPU
		{B490EA92-2990-4CBB-B58B-12901AFCCCB5}.Release|Mixed Platforms.ActiveCfg = Release|Any CPU
		{B490EA92-2990-4CBB-B58B-12901AFCCCB5}.Release|Mixed Platforms.Build.0 = Release|Any CPU
		{B490EA92-2990-4CBB-B58B-12901AFCCCB5}.Release|x86.ActiveCfg = Release|Any CPU
		{B490EA92-2990-4CBB-B58B-12901AFCCCB5}.SingleImage|Any CPU.ActiveCfg = Release|Any CPU
		{B490EA92-2990-4CBB-B58B-12901AFCCCB5}.SingleImage|Any CPU.Build.0 = Release|Any CPU
		{B490EA92-2990-4CBB-B58B-12901AFCCCB5}.SingleImage|Mixed Platforms.ActiveCfg = Release|Any CPU
		{B490EA92-2990-4CBB-B58B-12901AFCCCB5}.SingleImage|Mixed Platforms.Build.0 = Release|Any CPU
		{B490EA92-2990-4CBB-B58B-12901AFCCCB5}.SingleImage|x86.ActiveCfg = Release|Any CPU
		{B490EA92-2990-4CBB-B58B-12901AFCCCB5}.SIPDebug|Any CPU.ActiveCfg = Debug|Any CPU
		{B490EA92-2990-4CBB-B58B-12901AFCCCB5}.SIPDebug|Any CPU.Build.0 = Debug|Any CPU
		{B490EA92-2990-4CBB-B58B-12901AFCCCB5}.SIPDebug|Mixed Platforms.ActiveCfg = Debug|Any CPU
		{B490EA92-2990-4CBB-B58B-12901AFCCCB5}.SIPDebug|Mixed Platforms.Build.0 = Debug|Any CPU
		{B490EA92-2990-4CBB-B58B-12901AFCCCB5}.SIPDebug|x86.ActiveCfg = Debug|Any CPU
		{39DC1A18-A725-4DF1-93CE-467C130CEEF9}.BondDebug|Any CPU.ActiveCfg = Debug|Any CPU
		{39DC1A18-A725-4DF1-93CE-467C130CEEF9}.BondDebug|Any CPU.Build.0 = Debug|Any CPU
		{39DC1A18-A725-4DF1-93CE-467C130CEEF9}.BondDebug|Mixed Platforms.ActiveCfg = Debug|Any CPU
		{39DC1A18-A725-4DF1-93CE-467C130CEEF9}.BondDebug|Mixed Platforms.Build.0 = Debug|Any CPU
		{39DC1A18-A725-4DF1-93CE-467C130CEEF9}.BondDebug|x86.ActiveCfg = Debug|Any CPU
		{39DC1A18-A725-4DF1-93CE-467C130CEEF9}.CD_ROM|Any CPU.ActiveCfg = Release|Any CPU
		{39DC1A18-A725-4DF1-93CE-467C130CEEF9}.CD_ROM|Any CPU.Build.0 = Release|Any CPU
		{39DC1A18-A725-4DF1-93CE-467C130CEEF9}.CD_ROM|Mixed Platforms.ActiveCfg = Release|Any CPU
		{39DC1A18-A725-4DF1-93CE-467C130CEEF9}.CD_ROM|Mixed Platforms.Build.0 = Release|Any CPU
		{39DC1A18-A725-4DF1-93CE-467C130CEEF9}.CD_ROM|x86.ActiveCfg = Release|Any CPU
		{39DC1A18-A725-4DF1-93CE-467C130CEEF9}.Debug|Any CPU.ActiveCfg = Debug|Any CPU
		{39DC1A18-A725-4DF1-93CE-467C130CEEF9}.Debug|Any CPU.Build.0 = Debug|Any CPU
		{39DC1A18-A725-4DF1-93CE-467C130CEEF9}.Debug|Mixed Platforms.ActiveCfg = Debug|Any CPU
		{39DC1A18-A725-4DF1-93CE-467C130CEEF9}.Debug|Mixed Platforms.Build.0 = Debug|Any CPU
		{39DC1A18-A725-4DF1-93CE-467C130CEEF9}.Debug|x86.ActiveCfg = Debug|Any CPU
		{39DC1A18-A725-4DF1-93CE-467C130CEEF9}.DVD-5|Any CPU.ActiveCfg = Debug|Any CPU
		{39DC1A18-A725-4DF1-93CE-467C130CEEF9}.DVD-5|Any CPU.Build.0 = Debug|Any CPU
		{39DC1A18-A725-4DF1-93CE-467C130CEEF9}.DVD-5|Mixed Platforms.ActiveCfg = Debug|Any CPU
		{39DC1A18-A725-4DF1-93CE-467C130CEEF9}.DVD-5|Mixed Platforms.Build.0 = Debug|Any CPU
		{39DC1A18-A725-4DF1-93CE-467C130CEEF9}.DVD-5|x86.ActiveCfg = Debug|Any CPU
		{39DC1A18-A725-4DF1-93CE-467C130CEEF9}.iFASDebug|Any CPU.ActiveCfg = Debug|Any CPU
		{39DC1A18-A725-4DF1-93CE-467C130CEEF9}.iFASDebug|Any CPU.Build.0 = Debug|Any CPU
		{39DC1A18-A725-4DF1-93CE-467C130CEEF9}.iFASDebug|Mixed Platforms.ActiveCfg = Debug|Any CPU
		{39DC1A18-A725-4DF1-93CE-467C130CEEF9}.iFASDebug|Mixed Platforms.Build.0 = Debug|Any CPU
		{39DC1A18-A725-4DF1-93CE-467C130CEEF9}.iFASDebug|x86.ActiveCfg = Debug|Any CPU
		{39DC1A18-A725-4DF1-93CE-467C130CEEF9}.PersonalBuild|Any CPU.ActiveCfg = Release|Any CPU
		{39DC1A18-A725-4DF1-93CE-467C130CEEF9}.PersonalBuild|Any CPU.Build.0 = Release|Any CPU
		{39DC1A18-A725-4DF1-93CE-467C130CEEF9}.PersonalBuild|Mixed Platforms.ActiveCfg = Release|Any CPU
		{39DC1A18-A725-4DF1-93CE-467C130CEEF9}.PersonalBuild|Mixed Platforms.Build.0 = Release|Any CPU
		{39DC1A18-A725-4DF1-93CE-467C130CEEF9}.PersonalBuild|x86.ActiveCfg = Release|Any CPU
		{39DC1A18-A725-4DF1-93CE-467C130CEEF9}.Release|Any CPU.ActiveCfg = Release|Any CPU
		{39DC1A18-A725-4DF1-93CE-467C130CEEF9}.Release|Any CPU.Build.0 = Release|Any CPU
		{39DC1A18-A725-4DF1-93CE-467C130CEEF9}.Release|Mixed Platforms.ActiveCfg = Release|Any CPU
		{39DC1A18-A725-4DF1-93CE-467C130CEEF9}.Release|Mixed Platforms.Build.0 = Release|Any CPU
		{39DC1A18-A725-4DF1-93CE-467C130CEEF9}.Release|x86.ActiveCfg = Release|Any CPU
		{39DC1A18-A725-4DF1-93CE-467C130CEEF9}.SingleImage|Any CPU.ActiveCfg = Release|Any CPU
		{39DC1A18-A725-4DF1-93CE-467C130CEEF9}.SingleImage|Any CPU.Build.0 = Release|Any CPU
		{39DC1A18-A725-4DF1-93CE-467C130CEEF9}.SingleImage|Mixed Platforms.ActiveCfg = Release|Any CPU
		{39DC1A18-A725-4DF1-93CE-467C130CEEF9}.SingleImage|Mixed Platforms.Build.0 = Release|Any CPU
		{39DC1A18-A725-4DF1-93CE-467C130CEEF9}.SingleImage|x86.ActiveCfg = Release|Any CPU
		{39DC1A18-A725-4DF1-93CE-467C130CEEF9}.SIPDebug|Any CPU.ActiveCfg = Debug|Any CPU
		{39DC1A18-A725-4DF1-93CE-467C130CEEF9}.SIPDebug|Any CPU.Build.0 = Debug|Any CPU
		{39DC1A18-A725-4DF1-93CE-467C130CEEF9}.SIPDebug|Mixed Platforms.ActiveCfg = Debug|Any CPU
		{39DC1A18-A725-4DF1-93CE-467C130CEEF9}.SIPDebug|Mixed Platforms.Build.0 = Debug|Any CPU
		{39DC1A18-A725-4DF1-93CE-467C130CEEF9}.SIPDebug|x86.ActiveCfg = Debug|Any CPU
		{A6E36F4B-6825-44A8-9396-C5BBD8630CB0}.BondDebug|Any CPU.ActiveCfg = Debug|Any CPU
		{A6E36F4B-6825-44A8-9396-C5BBD8630CB0}.BondDebug|Any CPU.Build.0 = Debug|Any CPU
		{A6E36F4B-6825-44A8-9396-C5BBD8630CB0}.BondDebug|Mixed Platforms.ActiveCfg = Debug|Any CPU
		{A6E36F4B-6825-44A8-9396-C5BBD8630CB0}.BondDebug|Mixed Platforms.Build.0 = Debug|Any CPU
		{A6E36F4B-6825-44A8-9396-C5BBD8630CB0}.BondDebug|x86.ActiveCfg = Debug|Any CPU
		{A6E36F4B-6825-44A8-9396-C5BBD8630CB0}.CD_ROM|Any CPU.ActiveCfg = Release|Any CPU
		{A6E36F4B-6825-44A8-9396-C5BBD8630CB0}.CD_ROM|Any CPU.Build.0 = Release|Any CPU
		{A6E36F4B-6825-44A8-9396-C5BBD8630CB0}.CD_ROM|Mixed Platforms.ActiveCfg = Release|Any CPU
		{A6E36F4B-6825-44A8-9396-C5BBD8630CB0}.CD_ROM|Mixed Platforms.Build.0 = Release|Any CPU
		{A6E36F4B-6825-44A8-9396-C5BBD8630CB0}.CD_ROM|x86.ActiveCfg = Release|Any CPU
		{A6E36F4B-6825-44A8-9396-C5BBD8630CB0}.Debug|Any CPU.ActiveCfg = Debug|Any CPU
		{A6E36F4B-6825-44A8-9396-C5BBD8630CB0}.Debug|Any CPU.Build.0 = Debug|Any CPU
		{A6E36F4B-6825-44A8-9396-C5BBD8630CB0}.Debug|Mixed Platforms.ActiveCfg = Debug|Any CPU
		{A6E36F4B-6825-44A8-9396-C5BBD8630CB0}.Debug|Mixed Platforms.Build.0 = Debug|Any CPU
		{A6E36F4B-6825-44A8-9396-C5BBD8630CB0}.Debug|x86.ActiveCfg = Debug|Any CPU
		{A6E36F4B-6825-44A8-9396-C5BBD8630CB0}.DVD-5|Any CPU.ActiveCfg = Debug|Any CPU
		{A6E36F4B-6825-44A8-9396-C5BBD8630CB0}.DVD-5|Any CPU.Build.0 = Debug|Any CPU
		{A6E36F4B-6825-44A8-9396-C5BBD8630CB0}.DVD-5|Mixed Platforms.ActiveCfg = Debug|Any CPU
		{A6E36F4B-6825-44A8-9396-C5BBD8630CB0}.DVD-5|Mixed Platforms.Build.0 = Debug|Any CPU
		{A6E36F4B-6825-44A8-9396-C5BBD8630CB0}.DVD-5|x86.ActiveCfg = Debug|Any CPU
		{A6E36F4B-6825-44A8-9396-C5BBD8630CB0}.iFASDebug|Any CPU.ActiveCfg = Debug|Any CPU
		{A6E36F4B-6825-44A8-9396-C5BBD8630CB0}.iFASDebug|Any CPU.Build.0 = Debug|Any CPU
		{A6E36F4B-6825-44A8-9396-C5BBD8630CB0}.iFASDebug|Mixed Platforms.ActiveCfg = Debug|Any CPU
		{A6E36F4B-6825-44A8-9396-C5BBD8630CB0}.iFASDebug|Mixed Platforms.Build.0 = Debug|Any CPU
		{A6E36F4B-6825-44A8-9396-C5BBD8630CB0}.iFASDebug|x86.ActiveCfg = Debug|Any CPU
		{A6E36F4B-6825-44A8-9396-C5BBD8630CB0}.PersonalBuild|Any CPU.ActiveCfg = Release|Any CPU
		{A6E36F4B-6825-44A8-9396-C5BBD8630CB0}.PersonalBuild|Any CPU.Build.0 = Release|Any CPU
		{A6E36F4B-6825-44A8-9396-C5BBD8630CB0}.PersonalBuild|Mixed Platforms.ActiveCfg = Release|Any CPU
		{A6E36F4B-6825-44A8-9396-C5BBD8630CB0}.PersonalBuild|Mixed Platforms.Build.0 = Release|Any CPU
		{A6E36F4B-6825-44A8-9396-C5BBD8630CB0}.PersonalBuild|x86.ActiveCfg = Release|Any CPU
		{A6E36F4B-6825-44A8-9396-C5BBD8630CB0}.Release|Any CPU.ActiveCfg = Release|Any CPU
		{A6E36F4B-6825-44A8-9396-C5BBD8630CB0}.Release|Any CPU.Build.0 = Release|Any CPU
		{A6E36F4B-6825-44A8-9396-C5BBD8630CB0}.Release|Mixed Platforms.ActiveCfg = Release|Any CPU
		{A6E36F4B-6825-44A8-9396-C5BBD8630CB0}.Release|Mixed Platforms.Build.0 = Release|Any CPU
		{A6E36F4B-6825-44A8-9396-C5BBD8630CB0}.Release|x86.ActiveCfg = Release|Any CPU
		{A6E36F4B-6825-44A8-9396-C5BBD8630CB0}.SingleImage|Any CPU.ActiveCfg = Release|Any CPU
		{A6E36F4B-6825-44A8-9396-C5BBD8630CB0}.SingleImage|Any CPU.Build.0 = Release|Any CPU
		{A6E36F4B-6825-44A8-9396-C5BBD8630CB0}.SingleImage|Mixed Platforms.ActiveCfg = Release|Any CPU
		{A6E36F4B-6825-44A8-9396-C5BBD8630CB0}.SingleImage|Mixed Platforms.Build.0 = Release|Any CPU
		{A6E36F4B-6825-44A8-9396-C5BBD8630CB0}.SingleImage|x86.ActiveCfg = Release|Any CPU
		{A6E36F4B-6825-44A8-9396-C5BBD8630CB0}.SIPDebug|Any CPU.ActiveCfg = Debug|Any CPU
		{A6E36F4B-6825-44A8-9396-C5BBD8630CB0}.SIPDebug|Any CPU.Build.0 = Debug|Any CPU
		{A6E36F4B-6825-44A8-9396-C5BBD8630CB0}.SIPDebug|Mixed Platforms.ActiveCfg = Debug|Any CPU
		{A6E36F4B-6825-44A8-9396-C5BBD8630CB0}.SIPDebug|Mixed Platforms.Build.0 = Debug|Any CPU
		{A6E36F4B-6825-44A8-9396-C5BBD8630CB0}.SIPDebug|x86.ActiveCfg = Debug|Any CPU
		{AE651919-5790-4B89-BC0E-E5E4ACD637FC}.BondDebug|Any CPU.ActiveCfg = Debug|x86
		{AE651919-5790-4B89-BC0E-E5E4ACD637FC}.BondDebug|Mixed Platforms.ActiveCfg = Debug|x86
		{AE651919-5790-4B89-BC0E-E5E4ACD637FC}.BondDebug|Mixed Platforms.Build.0 = Debug|x86
		{AE651919-5790-4B89-BC0E-E5E4ACD637FC}.BondDebug|x86.ActiveCfg = Debug|x86
		{AE651919-5790-4B89-BC0E-E5E4ACD637FC}.BondDebug|x86.Build.0 = Debug|x86
		{AE651919-5790-4B89-BC0E-E5E4ACD637FC}.CD_ROM|Any CPU.ActiveCfg = Release|x86
		{AE651919-5790-4B89-BC0E-E5E4ACD637FC}.CD_ROM|Mixed Platforms.ActiveCfg = Release|x86
		{AE651919-5790-4B89-BC0E-E5E4ACD637FC}.CD_ROM|Mixed Platforms.Build.0 = Release|x86
		{AE651919-5790-4B89-BC0E-E5E4ACD637FC}.CD_ROM|x86.ActiveCfg = Release|x86
		{AE651919-5790-4B89-BC0E-E5E4ACD637FC}.CD_ROM|x86.Build.0 = Release|x86
		{AE651919-5790-4B89-BC0E-E5E4ACD637FC}.Debug|Any CPU.ActiveCfg = Debug|x86
		{AE651919-5790-4B89-BC0E-E5E4ACD637FC}.Debug|Any CPU.Build.0 = Debug|x86
		{AE651919-5790-4B89-BC0E-E5E4ACD637FC}.Debug|Mixed Platforms.ActiveCfg = Release|x86
		{AE651919-5790-4B89-BC0E-E5E4ACD637FC}.Debug|Mixed Platforms.Build.0 = Release|x86
		{AE651919-5790-4B89-BC0E-E5E4ACD637FC}.Debug|x86.ActiveCfg = Debug|x86
		{AE651919-5790-4B89-BC0E-E5E4ACD637FC}.Debug|x86.Build.0 = Debug|x86
		{AE651919-5790-4B89-BC0E-E5E4ACD637FC}.DVD-5|Any CPU.ActiveCfg = Debug|x86
		{AE651919-5790-4B89-BC0E-E5E4ACD637FC}.DVD-5|Mixed Platforms.ActiveCfg = Debug|x86
		{AE651919-5790-4B89-BC0E-E5E4ACD637FC}.DVD-5|Mixed Platforms.Build.0 = Debug|x86
		{AE651919-5790-4B89-BC0E-E5E4ACD637FC}.DVD-5|x86.ActiveCfg = Debug|x86
		{AE651919-5790-4B89-BC0E-E5E4ACD637FC}.DVD-5|x86.Build.0 = Debug|x86
		{AE651919-5790-4B89-BC0E-E5E4ACD637FC}.iFASDebug|Any CPU.ActiveCfg = Debug|x86
		{AE651919-5790-4B89-BC0E-E5E4ACD637FC}.iFASDebug|Mixed Platforms.ActiveCfg = Debug|x86
		{AE651919-5790-4B89-BC0E-E5E4ACD637FC}.iFASDebug|Mixed Platforms.Build.0 = Debug|x86
		{AE651919-5790-4B89-BC0E-E5E4ACD637FC}.iFASDebug|x86.ActiveCfg = Debug|x86
		{AE651919-5790-4B89-BC0E-E5E4ACD637FC}.iFASDebug|x86.Build.0 = Debug|x86
		{AE651919-5790-4B89-BC0E-E5E4ACD637FC}.PersonalBuild|Any CPU.ActiveCfg = Release|x86
		{AE651919-5790-4B89-BC0E-E5E4ACD637FC}.PersonalBuild|Mixed Platforms.ActiveCfg = Release|x86
		{AE651919-5790-4B89-BC0E-E5E4ACD637FC}.PersonalBuild|Mixed Platforms.Build.0 = Release|x86
		{AE651919-5790-4B89-BC0E-E5E4ACD637FC}.PersonalBuild|x86.ActiveCfg = Release|x86
		{AE651919-5790-4B89-BC0E-E5E4ACD637FC}.PersonalBuild|x86.Build.0 = Release|x86
		{AE651919-5790-4B89-BC0E-E5E4ACD637FC}.Release|Any CPU.ActiveCfg = Release|x86
		{AE651919-5790-4B89-BC0E-E5E4ACD637FC}.Release|Any CPU.Build.0 = Release|x86
		{AE651919-5790-4B89-BC0E-E5E4ACD637FC}.Release|Mixed Platforms.ActiveCfg = Release|x86
		{AE651919-5790-4B89-BC0E-E5E4ACD637FC}.Release|Mixed Platforms.Build.0 = Release|x86
		{AE651919-5790-4B89-BC0E-E5E4ACD637FC}.Release|x86.ActiveCfg = Release|x86
		{AE651919-5790-4B89-BC0E-E5E4ACD637FC}.Release|x86.Build.0 = Release|x86
		{AE651919-5790-4B89-BC0E-E5E4ACD637FC}.SingleImage|Any CPU.ActiveCfg = Release|x86
		{AE651919-5790-4B89-BC0E-E5E4ACD637FC}.SingleImage|Mixed Platforms.ActiveCfg = Release|x86
		{AE651919-5790-4B89-BC0E-E5E4ACD637FC}.SingleImage|Mixed Platforms.Build.0 = Release|x86
		{AE651919-5790-4B89-BC0E-E5E4ACD637FC}.SingleImage|x86.ActiveCfg = Release|x86
		{AE651919-5790-4B89-BC0E-E5E4ACD637FC}.SingleImage|x86.Build.0 = Release|x86
		{AE651919-5790-4B89-BC0E-E5E4ACD637FC}.SIPDebug|Any CPU.ActiveCfg = Debug|x86
		{AE651919-5790-4B89-BC0E-E5E4ACD637FC}.SIPDebug|Mixed Platforms.ActiveCfg = Debug|x86
		{AE651919-5790-4B89-BC0E-E5E4ACD637FC}.SIPDebug|Mixed Platforms.Build.0 = Debug|x86
		{AE651919-5790-4B89-BC0E-E5E4ACD637FC}.SIPDebug|x86.ActiveCfg = Debug|x86
		{AE651919-5790-4B89-BC0E-E5E4ACD637FC}.SIPDebug|x86.Build.0 = Debug|x86
		{E2E0FE32-54B7-4F07-AD3F-CD46B7103332}.BondDebug|Any CPU.ActiveCfg = Debug|Any CPU
		{E2E0FE32-54B7-4F07-AD3F-CD46B7103332}.BondDebug|Any CPU.Build.0 = Debug|Any CPU
		{E2E0FE32-54B7-4F07-AD3F-CD46B7103332}.BondDebug|Mixed Platforms.ActiveCfg = Debug|Any CPU
		{E2E0FE32-54B7-4F07-AD3F-CD46B7103332}.BondDebug|Mixed Platforms.Build.0 = Debug|Any CPU
		{E2E0FE32-54B7-4F07-AD3F-CD46B7103332}.BondDebug|x86.ActiveCfg = Debug|Any CPU
		{E2E0FE32-54B7-4F07-AD3F-CD46B7103332}.CD_ROM|Any CPU.ActiveCfg = Release|Any CPU
		{E2E0FE32-54B7-4F07-AD3F-CD46B7103332}.CD_ROM|Any CPU.Build.0 = Release|Any CPU
		{E2E0FE32-54B7-4F07-AD3F-CD46B7103332}.CD_ROM|Mixed Platforms.ActiveCfg = Release|Any CPU
		{E2E0FE32-54B7-4F07-AD3F-CD46B7103332}.CD_ROM|Mixed Platforms.Build.0 = Release|Any CPU
		{E2E0FE32-54B7-4F07-AD3F-CD46B7103332}.CD_ROM|x86.ActiveCfg = Release|Any CPU
		{E2E0FE32-54B7-4F07-AD3F-CD46B7103332}.Debug|Any CPU.ActiveCfg = Debug|Any CPU
		{E2E0FE32-54B7-4F07-AD3F-CD46B7103332}.Debug|Any CPU.Build.0 = Debug|Any CPU
		{E2E0FE32-54B7-4F07-AD3F-CD46B7103332}.Debug|Mixed Platforms.ActiveCfg = Debug|Any CPU
		{E2E0FE32-54B7-4F07-AD3F-CD46B7103332}.Debug|Mixed Platforms.Build.0 = Debug|Any CPU
		{E2E0FE32-54B7-4F07-AD3F-CD46B7103332}.Debug|x86.ActiveCfg = Debug|Any CPU
		{E2E0FE32-54B7-4F07-AD3F-CD46B7103332}.DVD-5|Any CPU.ActiveCfg = Debug|Any CPU
		{E2E0FE32-54B7-4F07-AD3F-CD46B7103332}.DVD-5|Any CPU.Build.0 = Debug|Any CPU
		{E2E0FE32-54B7-4F07-AD3F-CD46B7103332}.DVD-5|Mixed Platforms.ActiveCfg = Debug|Any CPU
		{E2E0FE32-54B7-4F07-AD3F-CD46B7103332}.DVD-5|Mixed Platforms.Build.0 = Debug|Any CPU
		{E2E0FE32-54B7-4F07-AD3F-CD46B7103332}.DVD-5|x86.ActiveCfg = Debug|Any CPU
		{E2E0FE32-54B7-4F07-AD3F-CD46B7103332}.iFASDebug|Any CPU.ActiveCfg = Debug|Any CPU
		{E2E0FE32-54B7-4F07-AD3F-CD46B7103332}.iFASDebug|Any CPU.Build.0 = Debug|Any CPU
		{E2E0FE32-54B7-4F07-AD3F-CD46B7103332}.iFASDebug|Mixed Platforms.ActiveCfg = Debug|Any CPU
		{E2E0FE32-54B7-4F07-AD3F-CD46B7103332}.iFASDebug|Mixed Platforms.Build.0 = Debug|Any CPU
		{E2E0FE32-54B7-4F07-AD3F-CD46B7103332}.iFASDebug|x86.ActiveCfg = Debug|Any CPU
		{E2E0FE32-54B7-4F07-AD3F-CD46B7103332}.PersonalBuild|Any CPU.ActiveCfg = Release|Any CPU
		{E2E0FE32-54B7-4F07-AD3F-CD46B7103332}.PersonalBuild|Any CPU.Build.0 = Release|Any CPU
		{E2E0FE32-54B7-4F07-AD3F-CD46B7103332}.PersonalBuild|Mixed Platforms.ActiveCfg = Release|Any CPU
		{E2E0FE32-54B7-4F07-AD3F-CD46B7103332}.PersonalBuild|Mixed Platforms.Build.0 = Release|Any CPU
		{E2E0FE32-54B7-4F07-AD3F-CD46B7103332}.PersonalBuild|x86.ActiveCfg = Release|Any CPU
		{E2E0FE32-54B7-4F07-AD3F-CD46B7103332}.Release|Any CPU.ActiveCfg = Release|Any CPU
		{E2E0FE32-54B7-4F07-AD3F-CD46B7103332}.Release|Any CPU.Build.0 = Release|Any CPU
		{E2E0FE32-54B7-4F07-AD3F-CD46B7103332}.Release|Mixed Platforms.ActiveCfg = Release|Any CPU
		{E2E0FE32-54B7-4F07-AD3F-CD46B7103332}.Release|Mixed Platforms.Build.0 = Release|Any CPU
		{E2E0FE32-54B7-4F07-AD3F-CD46B7103332}.Release|x86.ActiveCfg = Release|Any CPU
		{E2E0FE32-54B7-4F07-AD3F-CD46B7103332}.SingleImage|Any CPU.ActiveCfg = Release|Any CPU
		{E2E0FE32-54B7-4F07-AD3F-CD46B7103332}.SingleImage|Any CPU.Build.0 = Release|Any CPU
		{E2E0FE32-54B7-4F07-AD3F-CD46B7103332}.SingleImage|Mixed Platforms.ActiveCfg = Release|Any CPU
		{E2E0FE32-54B7-4F07-AD3F-CD46B7103332}.SingleImage|Mixed Platforms.Build.0 = Release|Any CPU
		{E2E0FE32-54B7-4F07-AD3F-CD46B7103332}.SingleImage|x86.ActiveCfg = Release|Any CPU
		{E2E0FE32-54B7-4F07-AD3F-CD46B7103332}.SIPDebug|Any CPU.ActiveCfg = Debug|Any CPU
		{E2E0FE32-54B7-4F07-AD3F-CD46B7103332}.SIPDebug|Any CPU.Build.0 = Debug|Any CPU
		{E2E0FE32-54B7-4F07-AD3F-CD46B7103332}.SIPDebug|Mixed Platforms.ActiveCfg = Debug|Any CPU
		{E2E0FE32-54B7-4F07-AD3F-CD46B7103332}.SIPDebug|Mixed Platforms.Build.0 = Debug|Any CPU
		{E2E0FE32-54B7-4F07-AD3F-CD46B7103332}.SIPDebug|x86.ActiveCfg = Debug|Any CPU
	EndGlobalSection
	GlobalSection(SolutionProperties) = preSolution
		HideSolutionNode = FALSE
	EndGlobalSection
EndGlobal
